
Microsoft Visual Studio Solution File, Format Version 12.00
# Visual Studio Version 17
VisualStudioVersion = 17.11.35219.272
MinimumVisualStudioVersion = 10.0.40219.1
Project("{FAE04EC0-301F-11D3-BF4B-00C04F79EFBC}") = "Parcial_Policaro", "Parcial_Policaro\Parcial_Policaro.csproj", "{31C87C5E-C0B7-43B0-BE88-9F15ACD5A128}"
EndProject
Project("{FAE04EC0-301F-11D3-BF4B-00C04F79EFBC}") = "BIZ", "BIZ\BIZ.csproj", "{05899382-EF5F-4AD0-9572-76D13C8402E3}"
EndProject
Global
	GlobalSection(SolutionConfigurationPlatforms) = preSolution
		Debug|Any CPU = Debug|Any CPU
		Release|Any CPU = Release|Any CPU
	EndGlobalSection
	GlobalSection(ProjectConfigurationPlatforms) = postSolution
		{31C87C5E-C0B7-43B0-BE88-9F15ACD5A128}.Debug|Any CPU.ActiveCfg = Debug|Any CPU
		{31C87C5E-C0B7-43B0-BE88-9F15ACD5A128}.Debug|Any CPU.Build.0 = Debug|Any CPU
		{31C87C5E-C0B7-43B0-BE88-9F15ACD5A128}.Release|Any CPU.ActiveCfg = Release|Any CPU
		{31C87C5E-C0B7-43B0-BE88-9F15ACD5A128}.Release|Any CPU.Build.0 = Release|Any CPU
		{05899382-EF5F-4AD0-9572-76D13C8402E3}.Debug|Any CPU.ActiveCfg = Debug|Any CPU
		{05899382-EF5F-4AD0-9572-76D13C8402E3}.Debug|Any CPU.Build.0 = Debug|Any CPU
		{05899382-EF5F-4AD0-9572-76D13C8402E3}.Release|Any CPU.ActiveCfg = Release|Any CPU
		{05899382-EF5F-4AD0-9572-76D13C8402E3}.Release|Any CPU.Build.0 = Release|Any CPU
	EndGlobalSection
	GlobalSection(SolutionProperties) = preSolution
		HideSolutionNode = FALSE
	EndGlobalSection
	GlobalSection(ExtensibilityGlobals) = postSolution
		SolutionGuid = {44E550E1-A187-4F38-9F8B-3E1286F487D2}
	EndGlobalSection
EndGlobal
